// !$*UTF8*$!
{
	archiveVersion = 1;
	classes = {
	};
	objectVersion = 46;
	objects = {

/* Begin PBXFileReference section */
		6DDD9BB21545D7A1003E9C54 /* UILoadingView.h */ = {isa = PBXFileReference; path = UILoadingView.h; sourceTree = "<group>"; };
		6DDD9BB31545D7A1003E9C54 /* UILoadingView.m */ = {isa = PBXFileReference; path = UILoadingView.m; sourceTree = "<group>"; };
/* End PBXFileReference section */

/* Begin PBXGroup section */
		6DDD9BA91545D6FF003E9C54 = {
			isa = PBXGroup;
			children = (
				6DDD9BB21545D7A1003E9C54 /* UILoadingView.h */,
				6DDD9BB31545D7A1003E9C54 /* UILoadingView.m */,
			);
			sourceTree = "<group>";
		};
/* End PBXGroup section */

/* Begin PBXProject section */
		6DDD9BAB1545D6FF003E9C54 /* Project object */ = {
			isa = PBXProject;
			attributes = {
				LastUpgradeCheck = 0420;
			};
			buildConfigurationList = 6DDD9BAE1545D6FF003E9C54 /* Build configuration list for PBXProject "UILoadingView" */;
			compatibilityVersion = "Xcode 3.2";
			developmentRegion = English;
			hasScannedForEncodings = 0;
			knownRegions = (
				en,
			);
			mainGroup = 6DDD9BA91545D6FF003E9C54;
			projectDirPath = "";
			projectRoot = "";
			targets = (
			);
		};
/* End PBXProject section */

/* Begin XCBuildConfiguration section */
		6DDD9BB01545D700003E9C54 /* Debug */ = {
			isa = XCBuildConfiguration;
			buildSettings = {
			};
			name = Debug;
		};
		6DDD9BB11545D700003E9C54 /* Release */ = {
			isa = XCBuildConfiguration;
			buildSettings = {
			};
			name = Release;
		};
/* End XCBuildConfiguration section */

/* Begin XCConfigurationList section */
		6DDD9BAE1545D6FF003E9C54 /* Build configuration list for PBXProject "UILoadingView" */ = {
			isa = XCConfigurationList;
			buildConfigurations = (
				6DDD9BB01545D700003E9C54 /* Debug */,
				6DDD9BB11545D700003E9C54 /* Release */,
			);
			defaultConfigurationIsVisible = 0;
			defaultConfigurationName = Release;
		};
/* End XCConfigurationList section */
	};
	rootObject = 6DDD9BAB1545D6FF003E9C54 /* Project object */;
}
